
Microsoft Visual Studio Solution File, Format Version 12.00
# Visual Studio Version 17
VisualStudioVersion = 17.5.002.0
MinimumVisualStudioVersion = 10.0.40219.1
Project("{2150E333-8FDC-42A3-9474-1A3956D46DE8}") = "src", "src", "{223F6447-4D9E-47BE-9775-77CBB6865F11}"
EndProject
Project("{9A19103F-16F7-4668-BE54-9A1E7A4F7556}") = "TodoApi", "src\TodoApi\TodoApi.csproj", "{DA5F0D68-3B26-495E-BD92-C5C357E80147}"
EndProject
Project("{2150E333-8FDC-42A3-9474-1A3956D46DE8}") = "tests", "tests", "{DADFEC3D-5A5A-4F07-9260-EBB519990C46}"
EndProject
Project("{FAE04EC0-301F-11D3-BF4B-00C04F79EFBC}") = "TodoApi.Tests", "tests\TodoApi.Tests\TodoApi.Tests.csproj", "{B7006136-9CE6-4030-994C-7BE806745A0E}"
EndProject
Global
	GlobalSection(SolutionConfigurationPlatforms) = preSolution
		Debug|Any CPU = Debug|Any CPU
		Release|Any CPU = Release|Any CPU
	EndGlobalSection
	GlobalSection(ProjectConfigurationPlatforms) = postSolution
		{DA5F0D68-3B26-495E-BD92-C5C357E80147}.Debug|Any CPU.ActiveCfg = Debug|Any CPU
		{DA5F0D68-3B26-495E-BD92-C5C357E80147}.Debug|Any CPU.Build.0 = Debug|Any CPU
		{DA5F0D68-3B26-495E-BD92-C5C357E80147}.Release|Any CPU.ActiveCfg = Release|Any CPU
		{DA5F0D68-3B26-495E-BD92-C5C357E80147}.Release|Any CPU.Build.0 = Release|Any CPU
		{B7006136-9CE6-4030-994C-7BE806745A0E}.Debug|Any CPU.ActiveCfg = Debug|Any CPU
		{B7006136-9CE6-4030-994C-7BE806745A0E}.Debug|Any CPU.Build.0 = Debug|Any CPU
		{B7006136-9CE6-4030-994C-7BE806745A0E}.Release|Any CPU.ActiveCfg = Release|Any CPU
		{B7006136-9CE6-4030-994C-7BE806745A0E}.Release|Any CPU.Build.0 = Release|Any CPU
	EndGlobalSection
	GlobalSection(SolutionProperties) = preSolution
		HideSolutionNode = FALSE
	EndGlobalSection
	GlobalSection(NestedProjects) = preSolution
		{DA5F0D68-3B26-495E-BD92-C5C357E80147} = {223F6447-4D9E-47BE-9775-77CBB6865F11}
		{B7006136-9CE6-4030-994C-7BE806745A0E} = {DADFEC3D-5A5A-4F07-9260-EBB519990C46}
	EndGlobalSection
	GlobalSection(ExtensibilityGlobals) = postSolution
		SolutionGuid = {E466F7E3-376E-4721-AAFA-C3AE816B0638}
	EndGlobalSection
EndGlobal
